
Microsoft Visual Studio Solution File, Format Version 12.00
# Visual Studio 15
Project("{FAE04EC0-301F-11D3-BF4B-00C04F79EFBC}") = "Assembly-CSharp", "Assembly-CSharp.csproj", "{4E976A60-79F5-ECDB-1C71-D3C7F855E4A4}"
EndProject
Project("{FAE04EC0-301F-11D3-BF4B-00C04F79EFBC}") = "Assembly-CSharp-Editor", "Assembly-CSharp-Editor.csproj", "{F3BF6366-482B-B84A-21E9-C11AE7A61D82}"
EndProject
Global
	GlobalSection(SolutionConfigurationPlatforms) = preSolution
		Debug|Any CPU = Debug|Any CPU
		Release|Any CPU = Release|Any CPU
	EndGlobalSection
	GlobalSection(ProjectConfigurationPlatforms) = postSolution
		{4E976A60-79F5-ECDB-1C71-D3C7F855E4A4}.Debug|Any CPU.ActiveCfg = Debug|Any CPU
		{4E976A60-79F5-ECDB-1C71-D3C7F855E4A4}.Debug|Any CPU.Build.0 = Debug|Any CPU
		{4E976A60-79F5-ECDB-1C71-D3C7F855E4A4}.Release|Any CPU.ActiveCfg = Release|Any CPU
		{4E976A60-79F5-ECDB-1C71-D3C7F855E4A4}.Release|Any CPU.Build.0 = Release|Any CPU
		{F3BF6366-482B-B84A-21E9-C11AE7A61D82}.Debug|Any CPU.ActiveCfg = Debug|Any CPU
		{F3BF6366-482B-B84A-21E9-C11AE7A61D82}.Debug|Any CPU.Build.0 = Debug|Any CPU
		{F3BF6366-482B-B84A-21E9-C11AE7A61D82}.Release|Any CPU.ActiveCfg = Release|Any CPU
		{F3BF6366-482B-B84A-21E9-C11AE7A61D82}.Release|Any CPU.Build.0 = Release|Any CPU
	EndGlobalSection
	GlobalSection(SolutionProperties) = preSolution
		HideSolutionNode = FALSE
	EndGlobalSection
EndGlobal
